// !$*UTF8*$!
{
	archiveVersion = 1;
	classes = {
	};
	objectVersion = 56;
	objects = {

/* Begin PBXBuildFile section */
		52465BCB2A6D70DA00D159F8 /* main.swift in Sources */ = {isa = PBXBuildFile; fileRef = 52465BCA2A6D70DA00D159F8 /* main.swift */; };
		52465BD82A6D716000D159F8 /* main.swift in Sources */ = {isa = PBXBuildFile; fileRef = 52465BD72A6D716000D159F8 /* main.swift */; };
		52465BE12A6D755100D159F8 /* CommandLine.swift in Sources */ = {isa = PBXBuildFile; fileRef = 52465BDD2A6D755100D159F8 /* CommandLine.swift */; };
		52465BE22A6D755100D159F8 /* CommandLine.swift in Sources */ = {isa = PBXBuildFile; fileRef = 52465BDD2A6D755100D159F8 /* CommandLine.swift */; };
		52465BE32A6D755100D159F8 /* Option.swift in Sources */ = {isa = PBXBuildFile; fileRef = 52465BDE2A6D755100D159F8 /* Option.swift */; };
		52465BE42A6D755100D159F8 /* Option.swift in Sources */ = {isa = PBXBuildFile; fileRef = 52465BDE2A6D755100D159F8 /* Option.swift */; };
		52465BE52A6D755100D159F8 /* StringExtensions.swift in Sources */ = {isa = PBXBuildFile; fileRef = 52465BDF2A6D755100D159F8 /* StringExtensions.swift */; };
		52465BE62A6D755100D159F8 /* StringExtensions.swift in Sources */ = {isa = PBXBuildFile; fileRef = 52465BDF2A6D755100D159F8 /* StringExtensions.swift */; };
/* End PBXBuildFile section */

/* Begin PBXCopyFilesBuildPhase section */
		52465BC52A6D70DA00D159F8 /* CopyFiles */ = {
			isa = PBXCopyFilesBuildPhase;
			buildActionMask = 2147483647;
			dstPath = /usr/share/man/man1/;
			dstSubfolderSpec = 0;
			files = (
			);
			runOnlyForDeploymentPostprocessing = 1;
		};
		52465BD32A6D716000D159F8 /* CopyFiles */ = {
			isa = PBXCopyFilesBuildPhase;
			buildActionMask = 2147483647;
			dstPath = /usr/share/man/man1/;
			dstSubfolderSpec = 0;
			files = (
			);
			runOnlyForDeploymentPostprocessing = 1;
		};
/* End PBXCopyFilesBuildPhase section */

/* Begin PBXFileReference section */
		52465BC72A6D70DA00D159F8 /* TestCommandLine */ = {isa = PBXFileReference; explicitFileType = "compiled.mach-o.executable"; includeInIndex = 0; path = TestCommandLine; sourceTree = BUILT_PRODUCTS_DIR; };
		52465BCA2A6D70DA00D159F8 /* main.swift */ = {isa = PBXFileReference; lastKnownFileType = sourcecode.swift; path = main.swift; sourceTree = "<group>"; };
		52465BD52A6D716000D159F8 /* TestCommand2 */ = {isa = PBXFileReference; explicitFileType = "compiled.mach-o.executable"; includeInIndex = 0; path = TestCommand2; sourceTree = BUILT_PRODUCTS_DIR; };
		52465BD72A6D716000D159F8 /* main.swift */ = {isa = PBXFileReference; lastKnownFileType = sourcecode.swift; path = main.swift; sourceTree = "<group>"; };
		52465BDD2A6D755100D159F8 /* CommandLine.swift */ = {isa = PBXFileReference; fileEncoding = 4; lastKnownFileType = sourcecode.swift; path = CommandLine.swift; sourceTree = "<group>"; };
		52465BDE2A6D755100D159F8 /* Option.swift */ = {isa = PBXFileReference; fileEncoding = 4; lastKnownFileType = sourcecode.swift; path = Option.swift; sourceTree = "<group>"; };
		52465BDF2A6D755100D159F8 /* StringExtensions.swift */ = {isa = PBXFileReference; fileEncoding = 4; lastKnownFileType = sourcecode.swift; path = StringExtensions.swift; sourceTree = "<group>"; };
/* End PBXFileReference section */

/* Begin PBXFrameworksBuildPhase section */
		52465BC42A6D70DA00D159F8 /* Frameworks */ = {
			isa = PBXFrameworksBuildPhase;
			buildActionMask = 2147483647;
			files = (
			);
			runOnlyForDeploymentPostprocessing = 0;
		};
		52465BD22A6D716000D159F8 /* Frameworks */ = {
			isa = PBXFrameworksBuildPhase;
			buildActionMask = 2147483647;
			files = (
			);
			runOnlyForDeploymentPostprocessing = 0;
		};
/* End PBXFrameworksBuildPhase section */

/* Begin PBXGroup section */
		52465BBE2A6D70DA00D159F8 = {
			isa = PBXGroup;
			children = (
				52465BDC2A6D755100D159F8 /* CommandLineKit */,
				52465BC92A6D70DA00D159F8 /* TestCommandLine */,
				52465BD62A6D716000D159F8 /* TestCommand2 */,
				52465BC82A6D70DA00D159F8 /* Products */,
			);
			sourceTree = "<group>";
		};
		52465BC82A6D70DA00D159F8 /* Products */ = {
			isa = PBXGroup;
			children = (
				52465BC72A6D70DA00D159F8 /* TestCommandLine */,
				52465BD52A6D716000D159F8 /* TestCommand2 */,
			);
			name = Products;
			sourceTree = "<group>";
		};
		52465BC92A6D70DA00D159F8 /* TestCommandLine */ = {
			isa = PBXGroup;
			children = (
				52465BCA2A6D70DA00D159F8 /* main.swift */,
			);
			path = TestCommandLine;
			sourceTree = "<group>";
		};
		52465BD62A6D716000D159F8 /* TestCommand2 */ = {
			isa = PBXGroup;
			children = (
				52465BD72A6D716000D159F8 /* main.swift */,
			);
			path = TestCommand2;
			sourceTree = "<group>";
		};
		52465BDC2A6D755100D159F8 /* CommandLineKit */ = {
			isa = PBXGroup;
			children = (
				52465BDD2A6D755100D159F8 /* CommandLine.swift */,
				52465BDE2A6D755100D159F8 /* Option.swift */,
				52465BDF2A6D755100D159F8 /* StringExtensions.swift */,
			);
			path = CommandLineKit;
			sourceTree = "<group>";
		};
/* End PBXGroup section */

/* Begin PBXNativeTarget section */
		52465BC62A6D70DA00D159F8 /* TestCommandLine */ = {
			isa = PBXNativeTarget;
			buildConfigurationList = 52465BCE2A6D70DA00D159F8 /* Build configuration list for PBXNativeTarget "TestCommandLine" */;
			buildPhases = (
				52465BC32A6D70DA00D159F8 /* Sources */,
				52465BC42A6D70DA00D159F8 /* Frameworks */,
				52465BC52A6D70DA00D159F8 /* CopyFiles */,
			);
			buildRules = (
			);
			dependencies = (
			);
			name = TestCommandLine;
			productName = TestCommandLine;
			productReference = 52465BC72A6D70DA00D159F8 /* TestCommandLine */;
			productType = "com.apple.product-type.tool";
		};
		52465BD42A6D716000D159F8 /* TestCommand2 */ = {
			isa = PBXNativeTarget;
			buildConfigurationList = 52465BD92A6D716000D159F8 /* Build configuration list for PBXNativeTarget "TestCommand2" */;
			buildPhases = (
				52465BD12A6D716000D159F8 /* Sources */,
				52465BD22A6D716000D159F8 /* Frameworks */,
				52465BD32A6D716000D159F8 /* CopyFiles */,
			);
			buildRules = (
			);
			dependencies = (
			);
			name = TestCommand2;
			productName = TestCommand2;
			productReference = 52465BD52A6D716000D159F8 /* TestCommand2 */;
			productType = "com.apple.product-type.tool";
		};
/* End PBXNativeTarget section */

/* Begin PBXProject section */
		52465BBF2A6D70DA00D159F8 /* Project object */ = {
			isa = PBXProject;
			attributes = {
				BuildIndependentTargetsInParallel = 1;
				LastSwiftUpdateCheck = 1430;
				LastUpgradeCheck = 1430;
				TargetAttributes = {
					52465BC62A6D70DA00D159F8 = {
						CreatedOnToolsVersion = 14.3;
					};
					52465BD42A6D716000D159F8 = {
						CreatedOnToolsVersion = 14.3;
					};
				};
			};
			buildConfigurationList = 52465BC22A6D70DA00D159F8 /* Build configuration list for PBXProject "TestCommandLine" */;
			compatibilityVersion = "Xcode 14.0";
			developmentRegion = en;
			hasScannedForEncodings = 0;
			knownRegions = (
				en,
				Base,
			);
			mainGroup = 52465BBE2A6D70DA00D159F8;
			productRefGroup = 52465BC82A6D70DA00D159F8 /* Products */;
			projectDirPath = "";
			projectRoot = "";
			targets = (
				52465BC62A6D70DA00D159F8 /* TestCommandLine */,
				52465BD42A6D716000D159F8 /* TestCommand2 */,
			);
		};
/* End PBXProject section */

/* Begin PBXSourcesBuildPhase section */
		52465BC32A6D70DA00D159F8 /* Sources */ = {
			isa = PBXSourcesBuildPhase;
			buildActionMask = 2147483647;
			files = (
				52465BE52A6D755100D159F8 /* StringExtensions.swift in Sources */,
				52465BCB2A6D70DA00D159F8 /* main.swift in Sources */,
				52465BE32A6D755100D159F8 /* Option.swift in Sources */,
				52465BE12A6D755100D159F8 /* CommandLine.swift in Sources */,
			);
			runOnlyForDeploymentPostprocessing = 0;
		};
		52465BD12A6D716000D159F8 /* Sources */ = {
			isa = PBXSourcesBuildPhase;
			buildActionMask = 2147483647;
			files = (
				52465BE62A6D755100D159F8 /* StringExtensions.swift in Sources */,
				52465BD82A6D716000D159F8 /* main.swift in Sources */,
				52465BE42A6D755100D159F8 /* Option.swift in Sources */,
				52465BE22A6D755100D159F8 /* CommandLine.swift in Sources */,
			);
			runOnlyForDeploymentPostprocessing = 0;
		};
/* End PBXSourcesBuildPhase section */

/* Begin XCBuildConfiguration section */
		52465BCC2A6D70DA00D159F8 /* Debug */ = {
			isa = XCBuildConfiguration;
			buildSettings = {
				ALWAYS_SEARCH_USER_PATHS = NO;
				CLANG_ANALYZER_NONNULL = YES;
				CLANG_ANALYZER_NUMBER_OBJECT_CONVERSION = YES_AGGRESSIVE;
				CLANG_CXX_LANGUAGE_STANDARD = "gnu++20";
				CLANG_ENABLE_MODULES = YES;
				CLANG_ENABLE_OBJC_ARC = YES;
				CLANG_ENABLE_OBJC_WEAK = YES;
				CLANG_WARN_BLOCK_CAPTURE_AUTORELEASING = YES;
				CLANG_WARN_BOOL_CONVERSION = YES;
				CLANG_WARN_COMMA = YES;
				CLANG_WARN_CONSTANT_CONVERSION = YES;
				CLANG_WARN_DEPRECATED_OBJC_IMPLEMENTATIONS = YES;
				CLANG_WARN_DIRECT_OBJC_ISA_USAGE = YES_ERROR;
				CLANG_WARN_DOCUMENTATION_COMMENTS = YES;
				CLANG_WARN_EMPTY_BODY = YES;
				CLANG_WARN_ENUM_CONVERSION = YES;
				CLANG_WARN_INFINITE_RECURSION = YES;
				CLANG_WARN_INT_CONVERSION = YES;
				CLANG_WARN_NON_LITERAL_NULL_CONVERSION = YES;
				CLANG_WARN_OBJC_IMPLICIT_RETAIN_SELF = YES;
				CLANG_WARN_OBJC_LITERAL_CONVERSION = YES;
				CLANG_WARN_OBJC_ROOT_CLASS = YES_ERROR;
				CLANG_WARN_QUOTED_INCLUDE_IN_FRAMEWORK_HEADER = YES;
				CLANG_WARN_RANGE_LOOP_ANALYSIS = YES;
				CLANG_WARN_STRICT_PROTOTYPES = YES;
				CLANG_WARN_SUSPICIOUS_MOVE = YES;
				CLANG_WARN_UNGUARDED_AVAILABILITY = YES_AGGRESSIVE;
				CLANG_WARN_UNREACHABLE_CODE = YES;
				CLANG_WARN__DUPLICATE_METHOD_MATCH = YES;
				COPY_PHASE_STRIP = NO;
				DEBUG_INFORMATION_FORMAT = dwarf;
				ENABLE_STRICT_OBJC_MSGSEND = YES;
				ENABLE_TESTABILITY = YES;
				GCC_C_LANGUAGE_STANDARD = gnu11;
				GCC_DYNAMIC_NO_PIC = NO;
				GCC_NO_COMMON_BLOCKS = YES;
				GCC_OPTIMIZATION_LEVEL = 0;
				GCC_PREPROCESSOR_DEFINITIONS = (
					"DEBUG=1",
					"$(inherited)",
				);
				GCC_WARN_64_TO_32_BIT_CONVERSION = YES;
				GCC_WARN_ABOUT_RETURN_TYPE = YES_ERROR;
				GCC_WARN_UNDECLARED_SELECTOR = YES;
				GCC_WARN_UNINITIALIZED_AUTOS = YES_AGGRESSIVE;
				GCC_WARN_UNUSED_FUNCTION = YES;
				GCC_WARN_UNUSED_VARIABLE = YES;
				MACOSX_DEPLOYMENT_TARGET = 13.3;
				MTL_ENABLE_DEBUG_INFO = INCLUDE_SOURCE;
				MTL_FAST_MATH = YES;
				ONLY_ACTIVE_ARCH = YES;
				SDKROOT = macosx;
				SWIFT_ACTIVE_COMPILATION_CONDITIONS = DEBUG;
				SWIFT_OPTIMIZATION_LEVEL = "-Onone";
			};
			name = Debug;
		};
		52465BCD2A6D70DA00D159F8 /* Release */ = {
			isa = XCBuildConfiguration;
			buildSettings = {
				ALWAYS_SEARCH_USER_PATHS = NO;
				CLANG_ANALYZER_NONNULL = YES;
				CLANG_ANALYZER_NUMBER_OBJECT_CONVERSION = YES_AGGRESSIVE;
				CLANG_CXX_LANGUAGE_STANDARD = "gnu++20";
				CLANG_ENABLE_MODULES = YES;
				CLANG_ENABLE_OBJC_ARC = YES;
				CLANG_ENABLE_OBJC_WEAK = YES;
				CLANG_WARN_BLOCK_CAPTURE_AUTORELEASING = YES;
				CLANG_WARN_BOOL_CONVERSION = YES;
				CLANG_WARN_COMMA = YES;
				CLANG_WARN_CONSTANT_CONVERSION = YES;
				CLANG_WARN_DEPRECATED_OBJC_IMPLEMENTATIONS = YES;
				CLANG_WARN_DIRECT_OBJC_ISA_USAGE = YES_ERROR;
				CLANG_WARN_DOCUMENTATION_COMMENTS = YES;
				CLANG_WARN_EMPTY_BODY = YES;
				CLANG_WARN_ENUM_CONVERSION = YES;
				CLANG_WARN_INFINITE_RECURSION = YES;
				CLANG_WARN_INT_CONVERSION = YES;
				CLANG_WARN_NON_LITERAL_NULL_CONVERSION = YES;
				CLANG_WARN_OBJC_IMPLICIT_RETAIN_SELF = YES;
				CLANG_WARN_OBJC_LITERAL_CONVERSION = YES;
				CLANG_WARN_OBJC_ROOT_CLASS = YES_ERROR;
				CLANG_WARN_QUOTED_INCLUDE_IN_FRAMEWORK_HEADER = YES;
				CLANG_WARN_RANGE_LOOP_ANALYSIS = YES;
				CLANG_WARN_STRICT_PROTOTYPES = YES;
				CLANG_WARN_SUSPICIOUS_MOVE = YES;
				CLANG_WARN_UNGUARDED_AVAILABILITY = YES_AGGRESSIVE;
				CLANG_WARN_UNREACHABLE_CODE = YES;
				CLANG_WARN__DUPLICATE_METHOD_MATCH = YES;
				COPY_PHASE_STRIP = NO;
				DEBUG_INFORMATION_FORMAT = "dwarf-with-dsym";
				ENABLE_NS_ASSERTIONS = NO;
				ENABLE_STRICT_OBJC_MSGSEND = YES;
				GCC_C_LANGUAGE_STANDARD = gnu11;
				GCC_NO_COMMON_BLOCKS = YES;
				GCC_WARN_64_TO_32_BIT_CONVERSION = YES;
				GCC_WARN_ABOUT_RETURN_TYPE = YES_ERROR;
				GCC_WARN_UNDECLARED_SELECTOR = YES;
				GCC_WARN_UNINITIALIZED_AUTOS = YES_AGGRESSIVE;
				GCC_WARN_UNUSED_FUNCTION = YES;
				GCC_WARN_UNUSED_VARIABLE = YES;
				MACOSX_DEPLOYMENT_TARGET = 13.3;
				MTL_ENABLE_DEBUG_INFO = NO;
				MTL_FAST_MATH = YES;
				SDKROOT = macosx;
				SWIFT_COMPILATION_MODE = wholemodule;
				SWIFT_OPTIMIZATION_LEVEL = "-O";
			};
			name = Release;
		};
		52465BCF2A6D70DA00D159F8 /* Debug */ = {
			isa = XCBuildConfiguration;
			buildSettings = {
				CODE_SIGN_STYLE = Automatic;
				PRODUCT_NAME = "$(TARGET_NAME)";
				SWIFT_VERSION = 5.0;
			};
			name = Debug;
		};
		52465BD02A6D70DA00D159F8 /* Release */ = {
			isa = XCBuildConfiguration;
			buildSettings = {
				CODE_SIGN_STYLE = Automatic;
				PRODUCT_NAME = "$(TARGET_NAME)";
				SWIFT_VERSION = 5.0;
			};
			name = Release;
		};
		52465BDA2A6D716000D159F8 /* Debug */ = {
			isa = XCBuildConfiguration;
			buildSettings = {
				CODE_SIGN_STYLE = Automatic;
				PRODUCT_NAME = "$(TARGET_NAME)";
				SWIFT_VERSION = 5.0;
			};
			name = Debug;
		};
		52465BDB2A6D716000D159F8 /* Release */ = {
			isa = XCBuildConfiguration;
			buildSettings = {
				CODE_SIGN_STYLE = Automatic;
				PRODUCT_NAME = "$(TARGET_NAME)";
				SWIFT_VERSION = 5.0;
			};
			name = Release;
		};
/* End XCBuildConfiguration section */

/* Begin XCConfigurationList section */
		52465BC22A6D70DA00D159F8 /* Build configuration list for PBXProject "TestCommandLine" */ = {
			isa = XCConfigurationList;
			buildConfigurations = (
				52465BCC2A6D70DA00D159F8 /* Debug */,
				52465BCD2A6D70DA00D159F8 /* Release */,
			);
			defaultConfigurationIsVisible = 0;
			defaultConfigurationName = Release;
		};
		52465BCE2A6D70DA00D159F8 /* Build configuration list for PBXNativeTarget "TestCommandLine" */ = {
			isa = XCConfigurationList;
			buildConfigurations = (
				52465BCF2A6D70DA00D159F8 /* Debug */,
				52465BD02A6D70DA00D159F8 /* Release */,
			);
			defaultConfigurationIsVisible = 0;
			defaultConfigurationName = Release;
		};
		52465BD92A6D716000D159F8 /* Build configuration list for PBXNativeTarget "TestCommand2" */ = {
			isa = XCConfigurationList;
			buildConfigurations = (
				52465BDA2A6D716000D159F8 /* Debug */,
				52465BDB2A6D716000D159F8 /* Release */,
			);
			defaultConfigurationIsVisible = 0;
			defaultConfigurationName = Release;
		};
/* End XCConfigurationList section */
	};
	rootObject = 52465BBF2A6D70DA00D159F8 /* Project object */;
}
